
Microsoft Visual Studio Solution File, Format Version 12.00
# Visual Studio Version 16
VisualStudioVersion = 16.0.31112.23
MinimumVisualStudioVersion = 10.0.40219.1
Project("{FAE04EC0-301F-11D3-BF4B-00C04F79EFBC}") = "5951071031_HaNhatHuy", "5951071031_HaNhatHuy\5951071031_HaNhatHuy.csproj", "{B7E1EC60-2F7B-4326-82F0-8EF9F3590D90}"
EndProject
Global
	GlobalSection(SolutionConfigurationPlatforms) = preSolution
		Debug|Any CPU = Debug|Any CPU
		Release|Any CPU = Release|Any CPU
	EndGlobalSection
	GlobalSection(ProjectConfigurationPlatforms) = postSolution
		{B7E1EC60-2F7B-4326-82F0-8EF9F3590D90}.Debug|Any CPU.ActiveCfg = Debug|Any CPU
		{B7E1EC60-2F7B-4326-82F0-8EF9F3590D90}.Debug|Any CPU.Build.0 = Debug|Any CPU
		{B7E1EC60-2F7B-4326-82F0-8EF9F3590D90}.Release|Any CPU.ActiveCfg = Release|Any CPU
		{B7E1EC60-2F7B-4326-82F0-8EF9F3590D90}.Release|Any CPU.Build.0 = Release|Any CPU
	EndGlobalSection
	GlobalSection(SolutionProperties) = preSolution
		HideSolutionNode = FALSE
	EndGlobalSection
	GlobalSection(ExtensibilityGlobals) = postSolution
		SolutionGuid = {9A8D87F7-1B00-4765-A30B-32B216FD5361}
	EndGlobalSection
EndGlobal
